PODS:
  - ABSteppedProgressBar (0.2.0)
  - Alamofire (4.6.0)
  - Bluetonium (2.1.0)
  - IQKeyboardManagerSwift (5.0.6)
  - NVActivityIndicatorView (4.1.0):
    - NVActivityIndicatorView/Presenter (= 4.1.0)
  - NVActivityIndicatorView/Presenter (4.1.0)
  - SDWebImage (4.2.2):
    - SDWebImage/Core (= 4.2.2)
  - SDWebImage/Core (4.2.2)
  - SmileLock (3.0.0)
  - SwiftLocation (3.1.0):
    - SwiftyJSON (~> 4.0.0-alpha.1)
  - SwiftyJSON (4.0.0)
  - ZAlertView (1.0.4)

DEPENDENCIES:
  - ABSteppedProgressBar
  - Alamofire (~> 4.5)
  - Bluetonium
  - IQKeyboardManagerSwift
  - NVActivityIndicatorView
  - SDWebImage (~> 4.0)
  - SmileLock
  - SwiftLocation (~> 3.1.0)
  - SwiftyJSON
  - ZAlertView

SPEC CHECKSUMS:
  ABSteppedProgressBar: f83d33bf8088be482dc7b2f06a3b10de097d317a
  Alamofire: f41a599bd63041760b26d393ec1069d9d7b917f4
  Bluetonium: 45d465084e1a663b579e2c8d937aebf5551c2d67
  IQKeyboardManagerSwift: 02bfbb0dff71c66d0ab77d80d25dfce0c3717735
  NVActivityIndicatorView: dc4726052dc24e89fa8576d43acf9e96f61d49db
  SDWebImage: 89a9d32cd520bbb46eb14e541d5109b3564af198
  SmileLock: 94289220d5e1fbfd774115b605d3c0371024df59
  SwiftLocation: 8f5ef4f510a45e43239de57a3145b3669301e898
  SwiftyJSON: 070dabdcb1beb81b247c65ffa3a79dbbfb3b48aa
  ZAlertView: 59fffdb4e37a01df461835566d5101052b8af953

PODFILE CHECKSUM: a358ebee630275cfbed60a1a1931dc91a6cfea64

COCOAPODS: 1.3.1
